{
  "lockfileVersion": 2,
  "configVersion": 1,
  "workspaces": {
    "": {
      "name": "gib-cli",
      "dependencies": {
        "@1sat/actions": "file:vendor/1sat-actions-0.0.221-feat-ordfs-patch.tgz",
        "@1sat/client": "^0.0.55",
        "@1sat/templates": "^0.0.37",
        "@bsv/sdk": "^2.6.0",
        "xdelta3-wasm": "^1.0.0",
      },
      "devDependencies": {
        "@types/bun": "^1.2.0",
        "typescript": "^5.9.3",
      },
    },
  },
  "packages": {
    "@1sat/actions": ["@1sat/actions@vendor/1sat-actions-0.0.221-feat-ordfs-patch.tgz", { "dependencies": { "@1sat/client": "0.0.55", "@1sat/templates": "0.0.37", "@1sat/types": "0.0.48", "@1sat/utils": "0.0.38", "@1sat/wallet": "0.0.110", "@bsv/message-box-client": "^2.5.0", "xdelta3-wasm": "^1.0.0" }, "peerDependencies": { "@bsv/sdk": "^2.6.0" } }, "sha512-YSgjforQXlkxcFHTKS0usMCKtg3jxcaE16xuTo1wqZ+l6gWR+n2gu9STuKTTK+3CcWhSEWjk9QG1VLAg+7Ilrg=="],

    "@1sat/client": ["@1sat/client@0.0.55", "", { "dependencies": { "@1sat/types": "0.0.48", "@bsv/wallet-toolbox-client": "npm:@bopen-io/wallet-toolbox-client@2.6.2-brc153.5" }, "peerDependencies": { "@bsv/sdk": "^2.6.0" } }, "sha512-7qVsWPZLRoH2fZv8PIUUQIk0euFO4BKIjLfxAIFJz87ARzOgQ3lyeXYOanP9oTJwpH/GY8PuahNKQVy8r/KuYQ=="],

    "@1sat/templates": ["@1sat/templates@0.0.37", "", { "dependencies": { "@1sat/types": "0.0.48", "cbor2": "^2.3.0" }, "peerDependencies": { "@bsv/sdk": "^2.6.0" } }, "sha512-Tvi1UIcngUzsM1GmcSL4ieWGs4/DLdGNQAWokotaMz9u1ojW0Exr9qyNugYTjPQgmpwBelpLrai3Pr4/tofqmw=="],

    "@1sat/types": ["@1sat/types@0.0.48", "", { "peerDependencies": { "@bsv/sdk": "^2.6.0" } }, "sha512-qIYPbT1Hd/+ixV6Vw2SbuReGPtLmbW/45uGP+oESzLf+W2KXxod+ERja3qch+PGpgzJNaA6F/Mw98BO2NvR1IQ=="],

    "@1sat/utils": ["@1sat/utils@0.0.38", "", { "dependencies": { "@1sat/types": "0.0.48", "image-meta": "^0.2.2" }, "peerDependencies": { "@bsv/sdk": "^2.6.0" } }, "sha512-75ORi/P1CmnfUf38RSLv7w7B5hGDcaOSJDEWORA/Jjhb0KeggFYLU4t5IuctCGXImu+diBSSDT2YNnxag/7sow=="],

    "@1sat/wallet": ["@1sat/wallet@0.0.110", "", { "dependencies": { "@1sat/client": "0.0.55", "@1sat/templates": "0.0.37", "@1sat/types": "0.0.48", "@bopen-io/templates": "^1.2.3", "@msgpack/msgpack": "^3.1.3", "fflate": "^0.8.2" }, "peerDependencies": { "@bsv/sdk": "^2.6.0", "@bsv/wallet-toolbox-client": "npm:@bopen-io/wallet-toolbox-client@2.6.2-brc153.5" } }, "sha512-linrpPamIOTw20YbcrUASm/Yz/SYdoq5euUesYYiThWgYwNx69GULugWX/On4wIW8UY0mVBZRxCkdIwkU9IA0A=="],

    "@bopen-io/templates": ["@bopen-io/templates@1.2.3", "", { "dependencies": { "@bsv/sdk": "^2.0.4" }, "peerDependencies": { "sigma-protocol": "^0.1.9" }, "optionalPeers": ["sigma-protocol"] }, "sha512-O8gDbqiqRIhk/2kmj3wnmcWC452uEb6Htu/pCQ3HQ9W/0DrIYarP8ulD4amCuqcdkDsxMbY53YvMx+OqfVuutA=="],

    "@bsv/authsocket-client": ["@bsv/authsocket-client@2.1.6", "", { "dependencies": { "socket.io-client": "^4.8.3" }, "peerDependencies": { "@bsv/sdk": "^2.4.1" } }, "sha512-UwT9aoQnDL9yDtW3taB6pqem6LnSm855CSfWX3m4cp4Ohjr8JEIcS7lYEk8PCDkIOZecJm1VrB+D/XYW2b+XEA=="],

    "@bsv/message-box-client": ["@bsv/message-box-client@2.5.1", "", { "dependencies": { "@bsv/authsocket-client": "^2.1.6" }, "peerDependencies": { "@bsv/sdk": "^2.4.1" } }, "sha512-1MiXqTHEirmBNUrcyU2dApFVxBqdN5xGgsco1An5Z5Z2KiFtTIfgy6K5XevpB9qn4ilkoLdU13yEwWjjrOnnvg=="],

    "@bsv/sdk": ["@bsv/sdk@2.7.1", "", {}, "sha512-1dcvOwCVGZz3A5FTJeOil1MALp2iQ1bTrZ8C9v97CC26sd8t0+Y3bFP39Rw/q0zmcbh6c+ZkIt6tKfvje+pD2A=="],

    "@bsv/wallet-toolbox-client": ["@bopen-io/wallet-toolbox-client@2.6.2-brc153.5", "", { "dependencies": { "hash-wasm": "^4.12.0", "idb": "^8.0.3" }, "peerDependencies": { "@bsv/sdk": "^2.1.8" } }, "sha512-+EB9ohtVi08KOizQA796lsNBRzBym4G7hvxIWZtaPfKCqaNFcXkoOU7l5tXFRqXrY1JTqIEuPcjwBh/+88CMMw=="],

    "@cto.af/wtf8": ["@cto.af/wtf8@0.0.5", "", {}, "sha512-LfUFi+Vv4eDzj+XAtR89e3wwjXA/NZjUSwU5NhwbBrLecxPaBYFy3exCuc1j+D4UZeOVdqlsl8G7LmOt18V0tg=="],

    "@msgpack/msgpack": ["@msgpack/msgpack@3.1.3", "", {}, "sha512-47XIizs9XZXvuJgoaJUIE2lFoID8ugvc0jzSHP+Ptfk8nTbnR8g788wv48N03Kx0UkAv559HWRQ3yzOgzlRNUA=="],

    "@socket.io/component-emitter": ["@socket.io/component-emitter@3.1.2", "", {}, "sha512-9BCxFwvbGg/RsZK9tjXd8s4UcwR0MWeFQ1XEKIQVVvAGJyINdrqKMcTRyLoK8Rse1GjzLV9cwjWV1olXRWEXVA=="],

    "@types/bun": ["@types/bun@1.4.2", "", { "dependencies": { "bun-types": "1.4.2" } }, "sha512-GimotNn7+ZV0uVArItBbriZsR1oNf0+WTzPkdcFrzShI7k2norL0uzEaJT8T33dWr7O/c9ZDuAFQrctKCi72oQ=="],

    "@types/node": ["@types/node@26.6.1", "", { "dependencies": { "undici-types": "~8.9.0" } }, "sha512-VqGJBMCtdhqkBUCcBLvywI0NJ+KLuVzgNnlBUNFOQjqVxzo2lxLUNg1DSey8+u2u6ktswSAxg+s68QLzWHNOuA=="],

    "bun-types": ["bun-types@1.4.2", "", { "dependencies": { "@types/node": "*" } }, "sha512-bxV1FgK7yBIzjRe5zBozIM4Bem11ZJcCXSrjWRG3YWLt8yFDePu4cLjpebO8OvPeIE9trbyPF4fuj3Cia4Fj3w=="],

    "cbor2": ["cbor2@2.3.0", "", { "dependencies": { "@cto.af/wtf8": "0.0.5" } }, "sha512-76WB3hq8BoaGkMkBVJ27fW5LJU+qqDLEpgRNCG/SYKhODWXpVPOTD4UcUto3IEzYLA52nsvbhb0wabhHDn3qXg=="],

    "debug": ["debug@4.4.3", "", { "dependencies": { "ms": "^2.1.3" }, "peerDependencies": { "supports-color": "*" }, "optionalPeers": ["supports-color"] }, "sha512-RGwwWnwQvkVfavKVt22FGLw+xYSdzARwm0ru6DhTVA3umU5hZc28V3kO4stgYryrTlLpuvgI9GiijltAjNbcqA=="],

    "engine.io-client": ["engine.io-client@6.6.6", "", { "dependencies": { "@socket.io/component-emitter": "~3.1.0", "debug": "~4.4.1", "engine.io-parser": "~5.2.1", "ws": "~8.21.0", "xmlhttprequest-ssl": "~2.1.1" } }, "sha512-iY6QdftLQ9pyiPoX082bpf/u1UewnOaJrtJIF9T0++QB34lZrj0uP+Q/bj8AlUsAxqhnkTV2BS8SBZSxOmoV5Q=="],

    "engine.io-parser": ["engine.io-parser@5.2.3", "", {}, "sha512-HqD3yTBfnBxIrbnM1DoD6Pcq8NECnh8d4As1Qgh0z5Gg3jRRIqijury0CL3ghu/edArpUYiYqQiDUQBIs4np3Q=="],

    "fflate": ["fflate@0.8.3", "", {}, "sha512-tbZNuJrLwGUp3zshBtdy4W+ORxZuIh8a5ilyIEQDC5rY1f3U20JMry0Ll3WBzU58EZKsEuJFXhb5gwv8CsPvgA=="],

    "hash-wasm": ["hash-wasm@4.12.0", "", {}, "sha512-+/2B2rYLb48I/evdOIhP+K/DD2ca2fgBjp6O+GBEnCDk2e4rpeXIK8GvIyRPjTezgmWn9gmKwkQjjx6BtqDHVQ=="],

    "idb": ["idb@8.0.3", "", {}, "sha512-LtwtVyVYO5BqRvcsKuB2iUMnHwPVByPCXFXOpuU96IZPPoPN6xjOGxZQ74pgSVVLQWtUOYgyeL4GE98BY5D3wg=="],

    "image-meta": ["image-meta@0.2.2", "", {}, "sha512-3MOLanc3sb3LNGWQl1RlQlNWURE5g32aUphrDyFeCsxBTk08iE3VNe4CwsUZ0Qs1X+EfX0+r29Sxdpza4B+yRA=="],

    "ms": ["ms@2.1.3", "", {}, "sha512-6FlzubTLZG3J2a/NVCAleEhjzq5oxgHyaCU9yYXvcLsvoVaHJq/s5xXI6/XXP6tz7R9xAOtHnSO/tXtF3WRTlA=="],

    "socket.io-client": ["socket.io-client@4.8.3", "", { "dependencies": { "@socket.io/component-emitter": "~3.1.0", "debug": "~4.4.1", "engine.io-client": "~6.6.1", "socket.io-parser": "~4.2.4" } }, "sha512-uP0bpjWrjQmUt5DTHq9RuoCBdFJF10cdX9X+a368j/Ft0wmaVgxlrjvK3kjvgCODOMMOz9lcaRzxmso0bTWZ/g=="],

    "socket.io-parser": ["socket.io-parser@4.2.7", "", { "dependencies": { "@socket.io/component-emitter": "~3.1.0", "debug": "~4.4.1" } }, "sha512-IH/iSeO9T6gz1KkFleGDWkG9N3dl4jXVYUtMhIqH10Md0ttMer8nUNWiP1DKuNrybD2xBrixLJdCC9J6ECoYkg=="],

    "typescript": ["typescript@5.9.3", "", { "bin": { "tsc": "bin/tsc", "tsserver": "bin/tsserver" } }, "sha512-jl1vZzPDinLr9eUt3J/t7V6FgNEw9QjvBPdysz9KfQDD41fQrC2Y4vKQdiaUpFT4bXlb1RHhLpp8wtm6M5TgSw=="],

    "undici-types": ["undici-types@8.9.0", "", {}, "sha512-KTDyRTYX8sWmKXAikPHHSyc63CRPETMctyjKFupcC6OBLXT3xsN0e9aF7m+mIXutFWpUXuedtowG7iLOzp0kQg=="],

    "ws": ["ws@8.21.3", "", { "peerDependencies": { "bufferutil": "^4.0.1", "utf-8-validate": ">=5.0.2" }, "optionalPeers": ["bufferutil", "utf-8-validate"] }, "sha512-201TZ/kPWxoPr/OKWjquZR1SWKXcvxdH+e1xrx89b3YbmzLMFCLfnaG1HFIgWzJOEWZ7MvpK++odZufgYR50Rw=="],

    "xdelta3-wasm": ["xdelta3-wasm@1.0.0", "", {}, "sha512-vhS28BhVaE3S/PGG1KQIwjBVqJecuS5Sdh82UAZysbnYaU93KS6l8ZPtsqonNZMeuyFgrGW9D44hh2lwQCsidA=="],

    "xmlhttprequest-ssl": ["xmlhttprequest-ssl@2.1.2", "", {}, "sha512-TEU+nJVUUnA4CYJFLvK5X9AOeH4KvDvhIfm0vV1GaQRtchnG0hgK5p8hw/xjv8cunWYCsiPCSDzObPyhEwq3KQ=="],
  }
}
